
Microsoft Visual Studio Solution File, Format Version 12.00
# Visual Studio 15
VisualStudioVersion = 15.0.27004.2006
MinimumVisualStudioVersion = 10.0.40219.1
Project("{FAE04EC0-301F-11D3-BF4B-00C04F79EFBC}") = "Hospital.Desktop", "Hospital.Desktop\Hospital.Desktop.csproj", "{D379D4A0-7761-4E43-A5E8-7AA07E38BB67}"
EndProject
Global
	GlobalSection(SolutionConfigurationPlatforms) = preSolution
		Debug|Any CPU = Debug|Any CPU
		Release|Any CPU = Release|Any CPU
	EndGlobalSection
	GlobalSection(ProjectConfigurationPlatforms) = postSolution
		{D379D4A0-7761-4E43-A5E8-7AA07E38BB67}.Debug|Any CPU.ActiveCfg = Debug|Any CPU
		{D379D4A0-7761-4E43-A5E8-7AA07E38BB67}.Debug|Any CPU.Build.0 = Debug|Any CPU
		{D379D4A0-7761-4E43-A5E8-7AA07E38BB67}.Release|Any CPU.ActiveCfg = Release|Any CPU
		{D379D4A0-7761-4E43-A5E8-7AA07E38BB67}.Release|Any CPU.Build.0 = Release|Any CPU
	EndGlobalSection
	GlobalSection(SolutionProperties) = preSolution
		HideSolutionNode = FALSE
	EndGlobalSection
	GlobalSection(ExtensibilityGlobals) = postSolution
		SolutionGuid = {3E46CC19-9392-4704-969C-DC39E7071FB0}
	EndGlobalSection
EndGlobal
